// !$*UTF8*$!
{
	archiveVersion = 1;
	classes = {
	};
	objectVersion = 48;
	objects = {

/* Begin PBXBuildFile section */
		75E2F3EDB050EA0EF2052F8F /* Pods_WeatherApp.framework in Frameworks */ = {isa = PBXBuildFile; fileRef = 1FC025C6A38A451184C1D045 /* Pods_WeatherApp.framework */; };
		B601DA921F7FFBC000A8AAE0 /* main.m in Sources */ = {isa = PBXBuildFile; fileRef = B601DA911F7FFBC000A8AAE0 /* main.m */; };
		B631DD281F7FFD5E00349684 /* AppDelegate.m in Sources */ = {isa = PBXBuildFile; fileRef = B601DA9A1F7FFBEC00A8AAE0 /* AppDelegate.m */; };
		B631DD2C1F7FFE2C00349684 /* WAWeatherDisplayViewController.m in Sources */ = {isa = PBXBuildFile; fileRef = B631DD2B1F7FFE2C00349684 /* WAWeatherDisplayViewController.m */; };
		B63BE2111F80015C005F53E7 /* WAOpenWeatherNetworkManager.m in Sources */ = {isa = PBXBuildFile; fileRef = B63BE2101F80015C005F53E7 /* WAOpenWeatherNetworkManager.m */; };
		B63BE2161F8001DF005F53E7 /* WAOpenWeatherCity.m in Sources */ = {isa = PBXBuildFile; fileRef = B63BE2151F8001DF005F53E7 /* WAOpenWeatherCity.m */; };
		B63BE2231F800938005F53E7 /* RKRoute+WAOpenWeatherNetworkManagerRouting.m in Sources */ = {isa = PBXBuildFile; fileRef = B63BE2221F800938005F53E7 /* RKRoute+WAOpenWeatherNetworkManagerRouting.m */; };
		B63BE2261F800957005F53E7 /* WAOpenWeatherNetworkManager+WAOpenWeatherCityRequests.m in Sources */ = {isa = PBXBuildFile; fileRef = B63BE2251F800957005F53E7 /* WAOpenWeatherNetworkManager+WAOpenWeatherCityRequests.m */; };
		B63BE2291F800AD4005F53E7 /* WAOpenWeatherCityCoordinate.m in Sources */ = {isa = PBXBuildFile; fileRef = B63BE2281F800AD4005F53E7 /* WAOpenWeatherCityCoordinate.m */; };
		B63BE22C1F800AE3005F53E7 /* WAOpenWeatherCityWeather.m in Sources */ = {isa = PBXBuildFile; fileRef = B63BE22B1F800AE3005F53E7 /* WAOpenWeatherCityWeather.m */; };
		B63BE22F1F800AF6005F53E7 /* WAOpenWeatherCityMain.m in Sources */ = {isa = PBXBuildFile; fileRef = B63BE22E1F800AF6005F53E7 /* WAOpenWeatherCityMain.m */; };
		B63BE2321F800B06005F53E7 /* WAOpenWeatherCityWind.m in Sources */ = {isa = PBXBuildFile; fileRef = B63BE2311F800B06005F53E7 /* WAOpenWeatherCityWind.m */; };
		B63BE2351F800B56005F53E7 /* WAOpenWeatherRain.m in Sources */ = {isa = PBXBuildFile; fileRef = B63BE2341F800B56005F53E7 /* WAOpenWeatherRain.m */; };
		B63BE2381F800B64005F53E7 /* WAOpenWeatherClouds.m in Sources */ = {isa = PBXBuildFile; fileRef = B63BE2371F800B64005F53E7 /* WAOpenWeatherClouds.m */; };
		B63BE23B1F800B9E005F53E7 /* WAOpenWeatherCitySys.m in Sources */ = {isa = PBXBuildFile; fileRef = B63BE23A1F800B9E005F53E7 /* WAOpenWeatherCitySys.m */; };
		B63BE23F1F800E5D005F53E7 /* NSObject+WARKModelObjectEntityMapping.m in Sources */ = {isa = PBXBuildFile; fileRef = B63BE23E1F800E5D005F53E7 /* NSObject+WARKModelObjectEntityMapping.m */; };
		B63BE2451F802CAD005F53E7 /* WAWeatherTableViewCell.m in Sources */ = {isa = PBXBuildFile; fileRef = B63BE2441F802CAD005F53E7 /* WAWeatherTableViewCell.m */; };
		B63BE2481F80371A005F53E7 /* WAMainTableViewCell.m in Sources */ = {isa = PBXBuildFile; fileRef = B63BE2471F80371A005F53E7 /* WAMainTableViewCell.m */; };
		B63BE24B1F803FB1005F53E7 /* WALeftoverInformationTableViewCell.m in Sources */ = {isa = PBXBuildFile; fileRef = B63BE24A1F803FB1005F53E7 /* WALeftoverInformationTableViewCell.m */; };
/* End PBXBuildFile section */

/* Begin PBXFileReference section */
		1FC025C6A38A451184C1D045 /* Pods_WeatherApp.framework */ = {isa = PBXFileReference; explicitFileType = wrapper.framework; includeInIndex = 0; path = Pods_WeatherApp.framework; sourceTree = BUILT_PRODUCTS_DIR; };
		83FD2CD0777E7429326A9034 /* Pods-WeatherApp.debug.xcconfig */ = {isa = PBXFileReference; includeInIndex = 1; lastKnownFileType = text.xcconfig; name = "Pods-WeatherApp.debug.xcconfig"; path = "Pods/Target Support Files/Pods-WeatherApp/Pods-WeatherApp.debug.xcconfig"; sourceTree = "<group>"; };
		A47F5B9EB1A490E3FD5D65C2 /* Pods-WeatherApp.release.xcconfig */ = {isa = PBXFileReference; includeInIndex = 1; lastKnownFileType = text.xcconfig; name = "Pods-WeatherApp.release.xcconfig"; path = "Pods/Target Support Files/Pods-WeatherApp/Pods-WeatherApp.release.xcconfig"; sourceTree = "<group>"; };
		B601DA7F1F7FFBC000A8AAE0 /* WeatherApp.app */ = {isa = PBXFileReference; explicitFileType = wrapper.application; includeInIndex = 0; path = WeatherApp.app; sourceTree = BUILT_PRODUCTS_DIR; };
		B601DA901F7FFBC000A8AAE0 /* Info.plist */ = {isa = PBXFileReference; lastKnownFileType = text.plist.xml; path = Info.plist; sourceTree = "<group>"; };
		B601DA911F7FFBC000A8AAE0 /* main.m */ = {isa = PBXFileReference; lastKnownFileType = sourcecode.c.objc; path = main.m; sourceTree = "<group>"; };
		B601DA991F7FFBEC00A8AAE0 /* AppDelegate.h */ = {isa = PBXFileReference; lastKnownFileType = sourcecode.c.h; path = AppDelegate.h; sourceTree = "<group>"; };
		B601DA9A1F7FFBEC00A8AAE0 /* AppDelegate.m */ = {isa = PBXFileReference; lastKnownFileType = sourcecode.c.objc; path = AppDelegate.m; sourceTree = "<group>"; };
		B601DA9E1F7FFBF200A8AAE0 /* Assets.xcassets */ = {isa = PBXFileReference; lastKnownFileType = folder.assetcatalog; path = Assets.xcassets; sourceTree = "<group>"; };
		B631DD2A1F7FFE2C00349684 /* WAWeatherDisplayViewController.h */ = {isa = PBXFileReference; lastKnownFileType = sourcecode.c.h; path = WAWeatherDisplayViewController.h; sourceTree = "<group>"; };
		B631DD2B1F7FFE2C00349684 /* WAWeatherDisplayViewController.m */ = {isa = PBXFileReference; lastKnownFileType = sourcecode.c.objc; path = WAWeatherDisplayViewController.m; sourceTree = "<group>"; };
		B63BE20F1F80015C005F53E7 /* WAOpenWeatherNetworkManager.h */ = {isa = PBXFileReference; lastKnownFileType = sourcecode.c.h; path = WAOpenWeatherNetworkManager.h; sourceTree = "<group>"; };
		B63BE2101F80015C005F53E7 /* WAOpenWeatherNetworkManager.m */ = {isa = PBXFileReference; lastKnownFileType = sourcecode.c.objc; path = WAOpenWeatherNetworkManager.m; sourceTree = "<group>"; };
		B63BE2121F80018A005F53E7 /* WAOpenWeatherNetworkManager_Blocks.h */ = {isa = PBXFileReference; lastKnownFileType = sourcecode.c.h; path = WAOpenWeatherNetworkManager_Blocks.h; sourceTree = "<group>"; };
		B63BE2141F8001DF005F53E7 /* WAOpenWeatherCity.h */ = {isa = PBXFileReference; lastKnownFileType = sourcecode.c.h; path = WAOpenWeatherCity.h; sourceTree = "<group>"; };
		B63BE2151F8001DF005F53E7 /* WAOpenWeatherCity.m */ = {isa = PBXFileReference; lastKnownFileType = sourcecode.c.objc; path = WAOpenWeatherCity.m; sourceTree = "<group>"; };
		B63BE2181F800532005F53E7 /* WABlockConversionSynthesis.h */ = {isa = PBXFileReference; lastKnownFileType = sourcecode.c.h; path = WABlockConversionSynthesis.h; sourceTree = "<group>"; };
		B63BE2211F800938005F53E7 /* RKRoute+WAOpenWeatherNetworkManagerRouting.h */ = {isa = PBXFileReference; lastKnownFileType = sourcecode.c.h; path = "RKRoute+WAOpenWeatherNetworkManagerRouting.h"; sourceTree = "<group>"; };
		B63BE2221F800938005F53E7 /* RKRoute+WAOpenWeatherNetworkManagerRouting.m */ = {isa = PBXFileReference; lastKnownFileType = sourcecode.c.objc; path = "RKRoute+WAOpenWeatherNetworkManagerRouting.m"; sourceTree = "<group>"; };
		B63BE2241F800957005F53E7 /* WAOpenWeatherNetworkManager+WAOpenWeatherCityRequests.h */ = {isa = PBXFileReference; lastKnownFileType = sourcecode.c.h; path = "WAOpenWeatherNetworkManager+WAOpenWeatherCityRequests.h"; sourceTree = "<group>"; };
		B63BE2251F800957005F53E7 /* WAOpenWeatherNetworkManager+WAOpenWeatherCityRequests.m */ = {isa = PBXFileReference; lastKnownFileType = sourcecode.c.objc; path = "WAOpenWeatherNetworkManager+WAOpenWeatherCityRequests.m"; sourceTree = "<group>"; };
		B63BE2271F800AD4005F53E7 /* WAOpenWeatherCityCoordinate.h */ = {isa = PBXFileReference; lastKnownFileType = sourcecode.c.h; path = WAOpenWeatherCityCoordinate.h; sourceTree = "<group>"; };
		B63BE2281F800AD4005F53E7 /* WAOpenWeatherCityCoordinate.m */ = {isa = PBXFileReference; lastKnownFileType = sourcecode.c.objc; path = WAOpenWeatherCityCoordinate.m; sourceTree = "<group>"; };
		B63BE22A1F800AE3005F53E7 /* WAOpenWeatherCityWeather.h */ = {isa = PBXFileReference; lastKnownFileType = sourcecode.c.h; path = WAOpenWeatherCityWeather.h; sourceTree = "<group>"; };
		B63BE22B1F800AE3005F53E7 /* WAOpenWeatherCityWeather.m */ = {isa = PBXFileReference; lastKnownFileType = sourcecode.c.objc; path = WAOpenWeatherCityWeather.m; sourceTree = "<group>"; };
		B63BE22D1F800AF6005F53E7 /* WAOpenWeatherCityMain.h */ = {isa = PBXFileReference; lastKnownFileType = sourcecode.c.h; path = WAOpenWeatherCityMain.h; sourceTree = "<group>"; };
		B63BE22E1F800AF6005F53E7 /* WAOpenWeatherCityMain.m */ = {isa = PBXFileReference; lastKnownFileType = sourcecode.c.objc; path = WAOpenWeatherCityMain.m; sourceTree = "<group>"; };
		B63BE2301F800B06005F53E7 /* WAOpenWeatherCityWind.h */ = {isa = PBXFileReference; lastKnownFileType = sourcecode.c.h; path = WAOpenWeatherCityWind.h; sourceTree = "<group>"; };
		B63BE2311F800B06005F53E7 /* WAOpenWeatherCityWind.m */ = {isa = PBXFileReference; lastKnownFileType = sourcecode.c.objc; path = WAOpenWeatherCityWind.m; sourceTree = "<group>"; };
		B63BE2331F800B56005F53E7 /* WAOpenWeatherRain.h */ = {isa = PBXFileReference; lastKnownFileType = sourcecode.c.h; path = WAOpenWeatherRain.h; sourceTree = "<group>"; };
		B63BE2341F800B56005F53E7 /* WAOpenWeatherRain.m */ = {isa = PBXFileReference; lastKnownFileType = sourcecode.c.objc; path = WAOpenWeatherRain.m; sourceTree = "<group>"; };
		B63BE2361F800B64005F53E7 /* WAOpenWeatherClouds.h */ = {isa = PBXFileReference; lastKnownFileType = sourcecode.c.h; path = WAOpenWeatherClouds.h; sourceTree = "<group>"; };
		B63BE2371F800B64005F53E7 /* WAOpenWeatherClouds.m */ = {isa = PBXFileReference; lastKnownFileType = sourcecode.c.objc; path = WAOpenWeatherClouds.m; sourceTree = "<group>"; };
		B63BE2391F800B9E005F53E7 /* WAOpenWeatherCitySys.h */ = {isa = PBXFileReference; lastKnownFileType = sourcecode.c.h; path = WAOpenWeatherCitySys.h; sourceTree = "<group>"; };
		B63BE23A1F800B9E005F53E7 /* WAOpenWeatherCitySys.m */ = {isa = PBXFileReference; lastKnownFileType = sourcecode.c.objc; path = WAOpenWeatherCitySys.m; sourceTree = "<group>"; };
		B63BE23D1F800E5D005F53E7 /* NSObject+WARKModelObjectEntityMapping.h */ = {isa = PBXFileReference; lastKnownFileType = sourcecode.c.h; path = "NSObject+WARKModelObjectEntityMapping.h"; sourceTree = "<group>"; };
		B63BE23E1F800E5D005F53E7 /* NSObject+WARKModelObjectEntityMapping.m */ = {isa = PBXFileReference; lastKnownFileType = sourcecode.c.objc; path = "NSObject+WARKModelObjectEntityMapping.m"; sourceTree = "<group>"; };
		B63BE2411F80114F005F53E7 /* WARKModelObjectEntityMapping.h */ = {isa = PBXFileReference; lastKnownFileType = sourcecode.c.h; path = WARKModelObjectEntityMapping.h; sourceTree = "<group>"; };
		B63BE2431F802CAD005F53E7 /* WAWeatherTableViewCell.h */ = {isa = PBXFileReference; lastKnownFileType = sourcecode.c.h; path = WAWeatherTableViewCell.h; sourceTree = "<group>"; };
		B63BE2441F802CAD005F53E7 /* WAWeatherTableViewCell.m */ = {isa = PBXFileReference; lastKnownFileType = sourcecode.c.objc; path = WAWeatherTableViewCell.m; sourceTree = "<group>"; };
		B63BE2461F80371A005F53E7 /* WAMainTableViewCell.h */ = {isa = PBXFileReference; lastKnownFileType = sourcecode.c.h; path = WAMainTableViewCell.h; sourceTree = "<group>"; };
		B63BE2471F80371A005F53E7 /* WAMainTableViewCell.m */ = {isa = PBXFileReference; lastKnownFileType = sourcecode.c.objc; path = WAMainTableViewCell.m; sourceTree = "<group>"; };
		B63BE2491F803FB1005F53E7 /* WALeftoverInformationTableViewCell.h */ = {isa = PBXFileReference; lastKnownFileType = sourcecode.c.h; path = WALeftoverInformationTableViewCell.h; sourceTree = "<group>"; };
		B63BE24A1F803FB1005F53E7 /* WALeftoverInformationTableViewCell.m */ = {isa = PBXFileReference; lastKnownFileType = sourcecode.c.objc; path = WALeftoverInformationTableViewCell.m; sourceTree = "<group>"; };
/* End PBXFileReference section */

/* Begin PBXFrameworksBuildPhase section */
		B601DA7C1F7FFBC000A8AAE0 /* Frameworks */ = {
			isa = PBXFrameworksBuildPhase;
			buildActionMask = 2147483647;
			files = (
				75E2F3EDB050EA0EF2052F8F /* Pods_WeatherApp.framework in Frameworks */,
			);
			runOnlyForDeploymentPostprocessing = 0;
		};
/* End PBXFrameworksBuildPhase section */

/* Begin PBXGroup section */
		2836FA5C191BAAA6C0F5BFEA /* Pods */ = {
			isa = PBXGroup;
			children = (
				83FD2CD0777E7429326A9034 /* Pods-WeatherApp.debug.xcconfig */,
				A47F5B9EB1A490E3FD5D65C2 /* Pods-WeatherApp.release.xcconfig */,
			);
			name = Pods;
			sourceTree = "<group>";
		};
		52C70279B2A3E62D3DAEF1BA /* Frameworks */ = {
			isa = PBXGroup;
			children = (
				1FC025C6A38A451184C1D045 /* Pods_WeatherApp.framework */,
			);
			name = Frameworks;
			sourceTree = "<group>";
		};
		B601DA761F7FFBC000A8AAE0 = {
			isa = PBXGroup;
			children = (
				B601DA811F7FFBC000A8AAE0 /* WeatherApp */,
				B601DA801F7FFBC000A8AAE0 /* Products */,
				2836FA5C191BAAA6C0F5BFEA /* Pods */,
				52C70279B2A3E62D3DAEF1BA /* Frameworks */,
			);
			sourceTree = "<group>";
			usesTabs = 1;
		};
		B601DA801F7FFBC000A8AAE0 /* Products */ = {
			isa = PBXGroup;
			children = (
				B601DA7F1F7FFBC000A8AAE0 /* WeatherApp.app */,
			);
			name = Products;
			sourceTree = "<group>";
		};
		B601DA811F7FFBC000A8AAE0 /* WeatherApp */ = {
			isa = PBXGroup;
			children = (
				B601DA9D1F7FFBF200A8AAE0 /* Assets */,
				B601DA981F7FFBEC00A8AAE0 /* Code */,
				B601DA901F7FFBC000A8AAE0 /* Info.plist */,
				B601DA911F7FFBC000A8AAE0 /* main.m */,
			);
			path = WeatherApp;
			sourceTree = "<group>";
		};
		B601DA981F7FFBEC00A8AAE0 /* Code */ = {
			isa = PBXGroup;
			children = (
				B601DA991F7FFBEC00A8AAE0 /* AppDelegate.h */,
				B601DA9A1F7FFBEC00A8AAE0 /* AppDelegate.m */,
				B63BE21A1F8008C5005F53E7 /* Category */,
				B63BE2131F8001BD005F53E7 /* Model */,
				B63BE20E1F80012F005F53E7 /* Networking */,
				B63BE2421F802C93005F53E7 /* UITableViewCell */,
				B631DD291F7FFD9B00349684 /* UIViewController */,
				B63BE2171F8004EC005F53E7 /* Utility */,
			);
			path = Code;
			sourceTree = "<group>";
		};
		B601DA9D1F7FFBF200A8AAE0 /* Assets */ = {
			isa = PBXGroup;
			children = (
				B601DA9E1F7FFBF200A8AAE0 /* Assets.xcassets */,
			);
			path = Assets;
			sourceTree = "<group>";
		};
		B631DD291F7FFD9B00349684 /* UIViewController */ = {
			isa = PBXGroup;
			children = (
				B631DD2A1F7FFE2C00349684 /* WAWeatherDisplayViewController.h */,
				B631DD2B1F7FFE2C00349684 /* WAWeatherDisplayViewController.m */,
			);
			path = UIViewController;
			sourceTree = "<group>";
		};
		B63BE20E1F80012F005F53E7 /* Networking */ = {
			isa = PBXGroup;
			children = (
				B63BE2121F80018A005F53E7 /* WAOpenWeatherNetworkManager_Blocks.h */,
				B63BE20F1F80015C005F53E7 /* WAOpenWeatherNetworkManager.h */,
				B63BE2101F80015C005F53E7 /* WAOpenWeatherNetworkManager.m */,
			);
			path = Networking;
			sourceTree = "<group>";
		};
		B63BE2131F8001BD005F53E7 /* Model */ = {
			isa = PBXGroup;
			children = (
				B63BE2141F8001DF005F53E7 /* WAOpenWeatherCity.h */,
				B63BE2151F8001DF005F53E7 /* WAOpenWeatherCity.m */,
				B63BE2271F800AD4005F53E7 /* WAOpenWeatherCityCoordinate.h */,
				B63BE2281F800AD4005F53E7 /* WAOpenWeatherCityCoordinate.m */,
				B63BE22D1F800AF6005F53E7 /* WAOpenWeatherCityMain.h */,
				B63BE22E1F800AF6005F53E7 /* WAOpenWeatherCityMain.m */,
				B63BE2391F800B9E005F53E7 /* WAOpenWeatherCitySys.h */,
				B63BE23A1F800B9E005F53E7 /* WAOpenWeatherCitySys.m */,
				B63BE22A1F800AE3005F53E7 /* WAOpenWeatherCityWeather.h */,
				B63BE22B1F800AE3005F53E7 /* WAOpenWeatherCityWeather.m */,
				B63BE2301F800B06005F53E7 /* WAOpenWeatherCityWind.h */,
				B63BE2311F800B06005F53E7 /* WAOpenWeatherCityWind.m */,
				B63BE2361F800B64005F53E7 /* WAOpenWeatherClouds.h */,
				B63BE2371F800B64005F53E7 /* WAOpenWeatherClouds.m */,
				B63BE2331F800B56005F53E7 /* WAOpenWeatherRain.h */,
				B63BE2341F800B56005F53E7 /* WAOpenWeatherRain.m */,
				B63BE2411F80114F005F53E7 /* WARKModelObjectEntityMapping.h */,
			);
			path = Model;
			sourceTree = "<group>";
		};
		B63BE2171F8004EC005F53E7 /* Utility */ = {
			isa = PBXGroup;
			children = (
				B63BE2181F800532005F53E7 /* WABlockConversionSynthesis.h */,
			);
			path = Utility;
			sourceTree = "<group>";
		};
		B63BE21A1F8008C5005F53E7 /* Category */ = {
			isa = PBXGroup;
			children = (
				B63BE23C1F800E38005F53E7 /* NSObject */,
				B63BE21F1F800910005F53E7 /* RestKit */,
				B63BE21B1F8008D4005F53E7 /* WAOpenWeatherNetworkManager */,
			);
			path = Category;
			sourceTree = "<group>";
		};
		B63BE21B1F8008D4005F53E7 /* WAOpenWeatherNetworkManager */ = {
			isa = PBXGroup;
			children = (
				B63BE2241F800957005F53E7 /* WAOpenWeatherNetworkManager+WAOpenWeatherCityRequests.h */,
				B63BE2251F800957005F53E7 /* WAOpenWeatherNetworkManager+WAOpenWeatherCityRequests.m */,
			);
			path = WAOpenWeatherNetworkManager;
			sourceTree = "<group>";
		};
		B63BE21F1F800910005F53E7 /* RestKit */ = {
			isa = PBXGroup;
			children = (
				B63BE2201F80091B005F53E7 /* RKRoute */,
			);
			path = RestKit;
			sourceTree = "<group>";
		};
		B63BE2201F80091B005F53E7 /* RKRoute */ = {
			isa = PBXGroup;
			children = (
				B63BE2211F800938005F53E7 /* RKRoute+WAOpenWeatherNetworkManagerRouting.h */,
				B63BE2221F800938005F53E7 /* RKRoute+WAOpenWeatherNetworkManagerRouting.m */,
			);
			path = RKRoute;
			sourceTree = "<group>";
		};
		B63BE23C1F800E38005F53E7 /* NSObject */ = {
			isa = PBXGroup;
			children = (
				B63BE23D1F800E5D005F53E7 /* NSObject+WARKModelObjectEntityMapping.h */,
				B63BE23E1F800E5D005F53E7 /* NSObject+WARKModelObjectEntityMapping.m */,
			);
			path = NSObject;
			sourceTree = "<group>";
		};
		B63BE2421F802C93005F53E7 /* UITableViewCell */ = {
			isa = PBXGroup;
			children = (
				B63BE2491F803FB1005F53E7 /* WALeftoverInformationTableViewCell.h */,
				B63BE24A1F803FB1005F53E7 /* WALeftoverInformationTableViewCell.m */,
				B63BE2461F80371A005F53E7 /* WAMainTableViewCell.h */,
				B63BE2471F80371A005F53E7 /* WAMainTableViewCell.m */,
				B63BE2431F802CAD005F53E7 /* WAWeatherTableViewCell.h */,
				B63BE2441F802CAD005F53E7 /* WAWeatherTableViewCell.m */,
			);
			path = UITableViewCell;
			sourceTree = "<group>";
		};
/* End PBXGroup section */

/* Begin PBXNativeTarget section */
		B601DA7E1F7FFBC000A8AAE0 /* WeatherApp */ = {
			isa = PBXNativeTarget;
			buildConfigurationList = B601DA951F7FFBC000A8AAE0 /* Build configuration list for PBXNativeTarget "WeatherApp" */;
			buildPhases = (
				8848F053F84B8EE0C9C2890F /* [CP] Check Pods Manifest.lock */,
				B601DA7B1F7FFBC000A8AAE0 /* Sources */,
				B601DA7C1F7FFBC000A8AAE0 /* Frameworks */,
				B601DA7D1F7FFBC000A8AAE0 /* Resources */,
				036ACFE537D81FBCE4F5D191 /* [CP] Embed Pods Frameworks */,
				2800B6D4CAC32868571109BB /* [CP] Copy Pods Resources */,
			);
			buildRules = (
			);
			dependencies = (
			);
			name = WeatherApp;
			productName = WeatherApp;
			productReference = B601DA7F1F7FFBC000A8AAE0 /* WeatherApp.app */;
			productType = "com.apple.product-type.application";
		};
/* End PBXNativeTarget section */

/* Begin PBXProject section */
		B601DA771F7FFBC000A8AAE0 /* Project object */ = {
			isa = PBXProject;
			attributes = {
				CLASSPREFIX = WA;
				LastUpgradeCheck = 0900;
				ORGANIZATIONNAME = "Richard Reitzfeld";
				TargetAttributes = {
					B601DA7E1F7FFBC000A8AAE0 = {
						CreatedOnToolsVersion = 9.0;
						ProvisioningStyle = Automatic;
					};
				};
			};
			buildConfigurationList = B601DA7A1F7FFBC000A8AAE0 /* Build configuration list for PBXProject "WeatherApp" */;
			compatibilityVersion = "Xcode 8.0";
			developmentRegion = en;
			hasScannedForEncodings = 0;
			knownRegions = (
				en,
				Base,
			);
			mainGroup = B601DA761F7FFBC000A8AAE0;
			productRefGroup = B601DA801F7FFBC000A8AAE0 /* Products */;
			projectDirPath = "";
			projectRoot = "";
			targets = (
				B601DA7E1F7FFBC000A8AAE0 /* WeatherApp */,
			);
		};
/* End PBXProject section */

/* Begin PBXResourcesBuildPhase section */
		B601DA7D1F7FFBC000A8AAE0 /* Resources */ = {
			isa = PBXResourcesBuildPhase;
			buildActionMask = 2147483647;
			files = (
			);
			runOnlyForDeploymentPostprocessing = 0;
		};
/* End PBXResourcesBuildPhase section */

/* Begin PBXShellScriptBuildPhase section */
		036ACFE537D81FBCE4F5D191 /* [CP] Embed Pods Frameworks */ = {
			isa = PBXShellScriptBuildPhase;
			buildActionMask = 2147483647;
			files = (
			);
			inputPaths = (
			);
			name = "[CP] Embed Pods Frameworks";
			outputPaths = (
			);
			runOnlyForDeploymentPostprocessing = 0;
			shellPath = /bin/sh;
			shellScript = "\"${SRCROOT}/Pods/Target Support Files/Pods-WeatherApp/Pods-WeatherApp-frameworks.sh\"\n";
			showEnvVarsInLog = 0;
		};
		2800B6D4CAC32868571109BB /* [CP] Copy Pods Resources */ = {
			isa = PBXShellScriptBuildPhase;
			buildActionMask = 2147483647;
			files = (
			);
			inputPaths = (
			);
			name = "[CP] Copy Pods Resources";
			outputPaths = (
			);
			runOnlyForDeploymentPostprocessing = 0;
			shellPath = /bin/sh;
			shellScript = "\"${SRCROOT}/Pods/Target Support Files/Pods-WeatherApp/Pods-WeatherApp-resources.sh\"\n";
			showEnvVarsInLog = 0;
		};
		8848F053F84B8EE0C9C2890F /* [CP] Check Pods Manifest.lock */ = {
			isa = PBXShellScriptBuildPhase;
			buildActionMask = 2147483647;
			files = (
			);
			inputPaths = (
			);
			name = "[CP] Check Pods Manifest.lock";
			outputPaths = (
			);
			runOnlyForDeploymentPostprocessing = 0;
			shellPath = /bin/sh;
			shellScript = "diff \"${PODS_PODFILE_DIR_PATH}/Podfile.lock\" \"${PODS_ROOT}/Manifest.lock\" > /dev/null\nif [ $? != 0 ] ; then\n    # print error to STDERR\n    echo \"error: The sandbox is not in sync with the Podfile.lock. Run 'pod install' or update your CocoaPods installation.\" >&2\n    exit 1\nfi\n";
			showEnvVarsInLog = 0;
		};
/* End PBXShellScriptBuildPhase section */

/* Begin PBXSourcesBuildPhase section */
		B601DA7B1F7FFBC000A8AAE0 /* Sources */ = {
			isa = PBXSourcesBuildPhase;
			buildActionMask = 2147483647;
			files = (
				B631DD2C1F7FFE2C00349684 /* WAWeatherDisplayViewController.m in Sources */,
				B63BE24B1F803FB1005F53E7 /* WALeftoverInformationTableViewCell.m in Sources */,
				B63BE22C1F800AE3005F53E7 /* WAOpenWeatherCityWeather.m in Sources */,
				B63BE2321F800B06005F53E7 /* WAOpenWeatherCityWind.m in Sources */,
				B63BE2161F8001DF005F53E7 /* WAOpenWeatherCity.m in Sources */,
				B63BE2231F800938005F53E7 /* RKRoute+WAOpenWeatherNetworkManagerRouting.m in Sources */,
				B63BE2481F80371A005F53E7 /* WAMainTableViewCell.m in Sources */,
				B63BE23B1F800B9E005F53E7 /* WAOpenWeatherCitySys.m in Sources */,
				B63BE2291F800AD4005F53E7 /* WAOpenWeatherCityCoordinate.m in Sources */,
				B63BE2351F800B56005F53E7 /* WAOpenWeatherRain.m in Sources */,
				B63BE23F1F800E5D005F53E7 /* NSObject+WARKModelObjectEntityMapping.m in Sources */,
				B631DD281F7FFD5E00349684 /* AppDelegate.m in Sources */,
				B63BE2261F800957005F53E7 /* WAOpenWeatherNetworkManager+WAOpenWeatherCityRequests.m in Sources */,
				B63BE2381F800B64005F53E7 /* WAOpenWeatherClouds.m in Sources */,
				B601DA921F7FFBC000A8AAE0 /* main.m in Sources */,
				B63BE22F1F800AF6005F53E7 /* WAOpenWeatherCityMain.m in Sources */,
				B63BE2451F802CAD005F53E7 /* WAWeatherTableViewCell.m in Sources */,
				B63BE2111F80015C005F53E7 /* WAOpenWeatherNetworkManager.m in Sources */,
			);
			runOnlyForDeploymentPostprocessing = 0;
		};
/* End PBXSourcesBuildPhase section */

/* Begin XCBuildConfiguration section */
		B601DA931F7FFBC000A8AAE0 /* Debug */ = {
			isa = XCBuildConfiguration;
			buildSettings = {
				ALWAYS_SEARCH_USER_PATHS = NO;
				CLANG_ANALYZER_NONNULL = YES;
				CLANG_ANALYZER_NUMBER_OBJECT_CONVERSION = YES_AGGRESSIVE;
				CLANG_CXX_LANGUAGE_STANDARD = "gnu++14";
				CLANG_CXX_LIBRARY = "libc++";
				CLANG_ENABLE_MODULES = YES;
				CLANG_ENABLE_OBJC_ARC = YES;
				CLANG_WARN_BLOCK_CAPTURE_AUTORELEASING = YES;
				CLANG_WARN_BOOL_CONVERSION = YES;
				CLANG_WARN_COMMA = YES;
				CLANG_WARN_CONSTANT_CONVERSION = YES;
				CLANG_WARN_DIRECT_OBJC_ISA_USAGE = YES_ERROR;
				CLANG_WARN_DOCUMENTATION_COMMENTS = YES;
				CLANG_WARN_EMPTY_BODY = YES;
				CLANG_WARN_ENUM_CONVERSION = YES;
				CLANG_WARN_INFINITE_RECURSION = YES;
				CLANG_WARN_INT_CONVERSION = YES;
				CLANG_WARN_NON_LITERAL_NULL_CONVERSION = YES;
				CLANG_WARN_OBJC_LITERAL_CONVERSION = YES;
				CLANG_WARN_OBJC_ROOT_CLASS = YES_ERROR;
				CLANG_WARN_RANGE_LOOP_ANALYSIS = YES;
				CLANG_WARN_STRICT_PROTOTYPES = YES;
				CLANG_WARN_SUSPICIOUS_MOVE = YES;
				CLANG_WARN_UNGUARDED_AVAILABILITY = YES_AGGRESSIVE;
				CLANG_WARN_UNREACHABLE_CODE = YES;
				CLANG_WARN__DUPLICATE_METHOD_MATCH = YES;
				CODE_SIGN_IDENTITY = "iPhone Developer";
				COPY_PHASE_STRIP = NO;
				DEBUG_INFORMATION_FORMAT = dwarf;
				ENABLE_STRICT_OBJC_MSGSEND = YES;
				ENABLE_TESTABILITY = YES;
				GCC_C_LANGUAGE_STANDARD = gnu11;
				GCC_DYNAMIC_NO_PIC = NO;
				GCC_NO_COMMON_BLOCKS = YES;
				GCC_OPTIMIZATION_LEVEL = 0;
				GCC_PREPROCESSOR_DEFINITIONS = (
					"DEBUG=1",
					"$(inherited)",
				);
				GCC_WARN_64_TO_32_BIT_CONVERSION = YES;
				GCC_WARN_ABOUT_RETURN_TYPE = YES_ERROR;
				GCC_WARN_UNDECLARED_SELECTOR = YES;
				GCC_WARN_UNINITIALIZED_AUTOS = YES_AGGRESSIVE;
				GCC_WARN_UNUSED_FUNCTION = YES;
				GCC_WARN_UNUSED_VARIABLE = YES;
				IPHONEOS_DEPLOYMENT_TARGET = 11.0;
				MTL_ENABLE_DEBUG_INFO = YES;
				ONLY_ACTIVE_ARCH = YES;
				SDKROOT = iphoneos;
			};
			name = Debug;
		};
		B601DA941F7FFBC000A8AAE0 /* Release */ = {
			isa = XCBuildConfiguration;
			buildSettings = {
				ALWAYS_SEARCH_USER_PATHS = NO;
				CLANG_ANALYZER_NONNULL = YES;
				CLANG_ANALYZER_NUMBER_OBJECT_CONVERSION = YES_AGGRESSIVE;
				CLANG_CXX_LANGUAGE_STANDARD = "gnu++14";
				CLANG_CXX_LIBRARY = "libc++";
				CLANG_ENABLE_MODULES = YES;
				CLANG_ENABLE_OBJC_ARC = YES;
				CLANG_WARN_BLOCK_CAPTURE_AUTORELEASING = YES;
				CLANG_WARN_BOOL_CONVERSION = YES;
				CLANG_WARN_COMMA = YES;
				CLANG_WARN_CONSTANT_CONVERSION = YES;
				CLANG_WARN_DIRECT_OBJC_ISA_USAGE = YES_ERROR;
				CLANG_WARN_DOCUMENTATION_COMMENTS = YES;
				CLANG_WARN_EMPTY_BODY = YES;
				CLANG_WARN_ENUM_CONVERSION = YES;
				CLANG_WARN_INFINITE_RECURSION = YES;
				CLANG_WARN_INT_CONVERSION = YES;
				CLANG_WARN_NON_LITERAL_NULL_CONVERSION = YES;
				CLANG_WARN_OBJC_LITERAL_CONVERSION = YES;
				CLANG_WARN_OBJC_ROOT_CLASS = YES_ERROR;
				CLANG_WARN_RANGE_LOOP_ANALYSIS = YES;
				CLANG_WARN_STRICT_PROTOTYPES = YES;
				CLANG_WARN_SUSPICIOUS_MOVE = YES;
				CLANG_WARN_UNGUARDED_AVAILABILITY = YES_AGGRESSIVE;
				CLANG_WARN_UNREACHABLE_CODE = YES;
				CLANG_WARN__DUPLICATE_METHOD_MATCH = YES;
				CODE_SIGN_IDENTITY = "iPhone Developer";
				COPY_PHASE_STRIP = NO;
				DEBUG_INFORMATION_FORMAT = "dwarf-with-dsym";
				ENABLE_NS_ASSERTIONS = NO;
				ENABLE_STRICT_OBJC_MSGSEND = YES;
				GCC_C_LANGUAGE_STANDARD = gnu11;
				GCC_NO_COMMON_BLOCKS = YES;
				GCC_WARN_64_TO_32_BIT_CONVERSION = YES;
				GCC_WARN_ABOUT_RETURN_TYPE = YES_ERROR;
				GCC_WARN_UNDECLARED_SELECTOR = YES;
				GCC_WARN_UNINITIALIZED_AUTOS = YES_AGGRESSIVE;
				GCC_WARN_UNUSED_FUNCTION = YES;
				GCC_WARN_UNUSED_VARIABLE = YES;
				IPHONEOS_DEPLOYMENT_TARGET = 11.0;
				MTL_ENABLE_DEBUG_INFO = NO;
				SDKROOT = iphoneos;
				VALIDATE_PRODUCT = YES;
			};
			name = Release;
		};
		B601DA961F7FFBC000A8AAE0 /* Debug */ = {
			isa = XCBuildConfiguration;
			baseConfigurationReference = 83FD2CD0777E7429326A9034 /* Pods-WeatherApp.debug.xcconfig */;
			buildSettings = {
				ASSETCATALOG_COMPILER_APPICON_NAME = AppIcon;
				CODE_SIGN_STYLE = Automatic;
				DEVELOPMENT_TEAM = 5JUTPUCSKB;
				INFOPLIST_FILE = WeatherApp/Info.plist;
				LD_RUNPATH_SEARCH_PATHS = "$(inherited) @executable_path/Frameworks";
				PRODUCT_BUNDLE_IDENTIFIER = "Richard-Reitzfeld.WeatherApp";
				PRODUCT_NAME = "$(TARGET_NAME)";
				TARGETED_DEVICE_FAMILY = "1,2";
			};
			name = Debug;
		};
		B601DA971F7FFBC000A8AAE0 /* Release */ = {
			isa = XCBuildConfiguration;
			baseConfigurationReference = A47F5B9EB1A490E3FD5D65C2 /* Pods-WeatherApp.release.xcconfig */;
			buildSettings = {
				ASSETCATALOG_COMPILER_APPICON_NAME = AppIcon;
				CODE_SIGN_STYLE = Automatic;
				DEVELOPMENT_TEAM = 5JUTPUCSKB;
				INFOPLIST_FILE = WeatherApp/Info.plist;
				LD_RUNPATH_SEARCH_PATHS = "$(inherited) @executable_path/Frameworks";
				PRODUCT_BUNDLE_IDENTIFIER = "Richard-Reitzfeld.WeatherApp";
				PRODUCT_NAME = "$(TARGET_NAME)";
				TARGETED_DEVICE_FAMILY = "1,2";
			};
			name = Release;
		};
/* End XCBuildConfiguration section */

/* Begin XCConfigurationList section */
		B601DA7A1F7FFBC000A8AAE0 /* Build configuration list for PBXProject "WeatherApp" */ = {
			isa = XCConfigurationList;
			buildConfigurations = (
				B601DA931F7FFBC000A8AAE0 /* Debug */,
				B601DA941F7FFBC000A8AAE0 /* Release */,
			);
			defaultConfigurationIsVisible = 0;
			defaultConfigurationName = Release;
		};
		B601DA951F7FFBC000A8AAE0 /* Build configuration list for PBXNativeTarget "WeatherApp" */ = {
			isa = XCConfigurationList;
			buildConfigurations = (
				B601DA961F7FFBC000A8AAE0 /* Debug */,
				B601DA971F7FFBC000A8AAE0 /* Release */,
			);
			defaultConfigurationIsVisible = 0;
			defaultConfigurationName = Release;
		};
/* End XCConfigurationList section */
	};
	rootObject = B601DA771F7FFBC000A8AAE0 /* Project object */;
}
